{
  "name": "BaltaDataAccess",
  "lockfileVersion": 3,
  "requires": true,
  "packages": {
    "": {
      "dependencies": {
        "@jetbrains/icons": "^5.11.0"
      }
    },
    "node_modules/@jetbrains/icons": {
      "version": "5.11.0",
      "resolved": "https://registry.npmjs.org/@jetbrains/icons/-/icons-5.11.0.tgz",
      "integrity": "sha512-i6MJowkzqVKmcXbKm9yduLLbBOgtBYsV1xIFZW/Z5bbsnEVFpk5oenBdKmCHpUB5VpqZp3JPvIpL0BFryZ7KVw==",
      "license": "Apache-2.0"
    }
  }
}
